
Microsoft Visual Studio Solution File, Format Version 12.00
# Visual Studio 15
VisualStudioVersion = 15.0.27703.2047
MinimumVisualStudioVersion = 10.0.40219.1
Project("{FAE04EC0-301F-11D3-BF4B-00C04F79EFBC}") = "CG 5-2 methodCalculator", "CG 5-2 methodCalculator\CG 5-2 methodCalculator.csproj", "{671BCA79-6736-48BE-9C40-05B2BB410871}"
EndProject
Global
	GlobalSection(SolutionConfigurationPlatforms) = preSolution
		Debug|Any CPU = Debug|Any CPU
		Release|Any CPU = Release|Any CPU
	EndGlobalSection
	GlobalSection(ProjectConfigurationPlatforms) = postSolution
		{671BCA79-6736-48BE-9C40-05B2BB410871}.Debug|Any CPU.ActiveCfg = Debug|Any CPU
		{671BCA79-6736-48BE-9C40-05B2BB410871}.Debug|Any CPU.Build.0 = Debug|Any CPU
		{671BCA79-6736-48BE-9C40-05B2BB410871}.Release|Any CPU.ActiveCfg = Release|Any CPU
		{671BCA79-6736-48BE-9C40-05B2BB410871}.Release|Any CPU.Build.0 = Release|Any CPU
	EndGlobalSection
	GlobalSection(SolutionProperties) = preSolution
		HideSolutionNode = FALSE
	EndGlobalSection
	GlobalSection(ExtensibilityGlobals) = postSolution
		SolutionGuid = {8BA9EC99-2A7F-4A87-BF5C-489F8B433F4D}
	EndGlobalSection
EndGlobal
